
Microsoft Visual Studio Solution File, Format Version 12.00
# Visual Studio 14
VisualStudioVersion = 14.0.25123.0
MinimumVisualStudioVersion = 10.0.40219.1
Project("{FAE04EC0-301F-11D3-BF4B-00C04F79EFBC}") = "ActivityExit", "ActivityExit\ActivityExit.csproj", "{0F5AFDCF-8A04-4E8A-B293-C72484731912}"
EndProject
Project("{FAE04EC0-301F-11D3-BF4B-00C04F79EFBC}") = "ChooseActivity", "ChooseActivity\ChooseActivity.csproj", "{1024FF1F-FDA4-49E2-9EA6-F689E44DE634}"
EndProject
Project("{FAE04EC0-301F-11D3-BF4B-00C04F79EFBC}") = "DatabaseInteraction", "DatabaseInteraction\DatabaseInteraction.csproj", "{77FB70DD-55EB-4A8C-952F-F2C0F3C0682D}"
EndProject
Global
	GlobalSection(SolutionConfigurationPlatforms) = preSolution
		Debug|Any CPU = Debug|Any CPU
		Release|Any CPU = Release|Any CPU
	EndGlobalSection
	GlobalSection(ProjectConfigurationPlatforms) = postSolution
		{0F5AFDCF-8A04-4E8A-B293-C72484731912}.Debug|Any CPU.ActiveCfg = Debug|Any CPU
		{0F5AFDCF-8A04-4E8A-B293-C72484731912}.Debug|Any CPU.Build.0 = Debug|Any CPU
		{0F5AFDCF-8A04-4E8A-B293-C72484731912}.Release|Any CPU.ActiveCfg = Release|Any CPU
		{0F5AFDCF-8A04-4E8A-B293-C72484731912}.Release|Any CPU.Build.0 = Release|Any CPU
		{1024FF1F-FDA4-49E2-9EA6-F689E44DE634}.Debug|Any CPU.ActiveCfg = Debug|Any CPU
		{1024FF1F-FDA4-49E2-9EA6-F689E44DE634}.Debug|Any CPU.Build.0 = Debug|Any CPU
		{1024FF1F-FDA4-49E2-9EA6-F689E44DE634}.Release|Any CPU.ActiveCfg = Release|Any CPU
		{1024FF1F-FDA4-49E2-9EA6-F689E44DE634}.Release|Any CPU.Build.0 = Release|Any CPU
		{77FB70DD-55EB-4A8C-952F-F2C0F3C0682D}.Debug|Any CPU.ActiveCfg = Debug|Any CPU
		{77FB70DD-55EB-4A8C-952F-F2C0F3C0682D}.Debug|Any CPU.Build.0 = Debug|Any CPU
		{77FB70DD-55EB-4A8C-952F-F2C0F3C0682D}.Release|Any CPU.ActiveCfg = Release|Any CPU
		{77FB70DD-55EB-4A8C-952F-F2C0F3C0682D}.Release|Any CPU.Build.0 = Release|Any CPU
	EndGlobalSection
	GlobalSection(SolutionProperties) = preSolution
		HideSolutionNode = FALSE
	EndGlobalSection
EndGlobal
